
Microsoft Visual Studio Solution File, Format Version 12.00
# Visual Studio Version 16
VisualStudioVersion = 16.0.33328.57
MinimumVisualStudioVersion = 10.0.40219.1
Project("{FAE04EC0-301F-11D3-BF4B-00C04F79EFBC}") = "CustomMessageType", "CustomMessageType\CustomMessageType.csproj", "{1AAC31F7-27F9-4EDB-9EB6-09ECEB8FFEB8}"
EndProject
Global
	GlobalSection(SolutionConfigurationPlatforms) = preSolution
		Debug|Any CPU = Debug|Any CPU
		Debug|x64 = Debug|x64
		Debug|x86 = Debug|x86
		Release|Any CPU = Release|Any CPU
		Release|x64 = Release|x64
		Release|x86 = Release|x86
	EndGlobalSection
	GlobalSection(ProjectConfigurationPlatforms) = postSolution
		{1AAC31F7-27F9-4EDB-9EB6-09ECEB8FFEB8}.Debug|Any CPU.ActiveCfg = Debug|x86
		{1AAC31F7-27F9-4EDB-9EB6-09ECEB8FFEB8}.Debug|Any CPU.Build.0 = Debug|x86
		{1AAC31F7-27F9-4EDB-9EB6-09ECEB8FFEB8}.Debug|x64.ActiveCfg = Debug|x64
		{1AAC31F7-27F9-4EDB-9EB6-09ECEB8FFEB8}.Debug|x64.Build.0 = Debug|x64
		{1AAC31F7-27F9-4EDB-9EB6-09ECEB8FFEB8}.Debug|x86.ActiveCfg = Debug|x86
		{1AAC31F7-27F9-4EDB-9EB6-09ECEB8FFEB8}.Debug|x86.Build.0 = Debug|x86
		{1AAC31F7-27F9-4EDB-9EB6-09ECEB8FFEB8}.Release|Any CPU.ActiveCfg = Release|Any CPU
		{1AAC31F7-27F9-4EDB-9EB6-09ECEB8FFEB8}.Release|Any CPU.Build.0 = Release|Any CPU
		{1AAC31F7-27F9-4EDB-9EB6-09ECEB8FFEB8}.Release|x64.ActiveCfg = Release|x64
		{1AAC31F7-27F9-4EDB-9EB6-09ECEB8FFEB8}.Release|x64.Build.0 = Release|x64
		{1AAC31F7-27F9-4EDB-9EB6-09ECEB8FFEB8}.Release|x86.ActiveCfg = Release|x86
		{1AAC31F7-27F9-4EDB-9EB6-09ECEB8FFEB8}.Release|x86.Build.0 = Release|x86
	EndGlobalSection
	GlobalSection(SolutionProperties) = preSolution
		HideSolutionNode = FALSE
	EndGlobalSection
	GlobalSection(ExtensibilityGlobals) = postSolution
		SolutionGuid = {DE19EB61-3F0B-4A85-9FAB-8A0600C4DD00}
	EndGlobalSection
EndGlobal
