
Microsoft Visual Studio Solution File, Format Version 12.00
# Visual Studio Version 16
VisualStudioVersion = 16.0.33328.57
MinimumVisualStudioVersion = 10.0.40219.1
Project("{FAE04EC0-301F-11D3-BF4B-00C04F79EFBC}") = "CustomNotify", "CustomNotify.csproj", "{25629477-3E99-4389-8FE5-459C360FFB21}"
EndProject
Global
	GlobalSection(SolutionConfigurationPlatforms) = preSolution
		Debug|Any CPU = Debug|Any CPU
		Debug|x64 = Debug|x64
		Debug|x86 = Debug|x86
		Release|Any CPU = Release|Any CPU
		Release|x64 = Release|x64
		Release|x86 = Release|x86
	EndGlobalSection
	GlobalSection(ProjectConfigurationPlatforms) = postSolution
		{25629477-3E99-4389-8FE5-459C360FFB21}.Debug|Any CPU.ActiveCfg = Debug|Any CPU
		{25629477-3E99-4389-8FE5-459C360FFB21}.Debug|Any CPU.Build.0 = Debug|Any CPU
		{25629477-3E99-4389-8FE5-459C360FFB21}.Debug|x64.ActiveCfg = Debug|x64
		{25629477-3E99-4389-8FE5-459C360FFB21}.Debug|x64.Build.0 = Debug|x64
		{25629477-3E99-4389-8FE5-459C360FFB21}.Debug|x86.ActiveCfg = Debug|x86
		{25629477-3E99-4389-8FE5-459C360FFB21}.Debug|x86.Build.0 = Debug|x86
		{25629477-3E99-4389-8FE5-459C360FFB21}.Release|Any CPU.ActiveCfg = Release|x64
		{25629477-3E99-4389-8FE5-459C360FFB21}.Release|Any CPU.Build.0 = Release|x64
		{25629477-3E99-4389-8FE5-459C360FFB21}.Release|x64.ActiveCfg = Release|x64
		{25629477-3E99-4389-8FE5-459C360FFB21}.Release|x64.Build.0 = Release|x64
		{25629477-3E99-4389-8FE5-459C360FFB21}.Release|x86.ActiveCfg = Release|x86
		{25629477-3E99-4389-8FE5-459C360FFB21}.Release|x86.Build.0 = Release|x86
	EndGlobalSection
	GlobalSection(SolutionProperties) = preSolution
		HideSolutionNode = FALSE
	EndGlobalSection
	GlobalSection(ExtensibilityGlobals) = postSolution
		SolutionGuid = {7DC1C9E5-8D0F-421B-BB93-B7C849F1D30E}
	EndGlobalSection
EndGlobal
